
Microsoft Visual Studio Solution File, Format Version 11.00
# Visual Studio 2010
Project("{FAE04EC0-301F-11D3-BF4B-00C04F79EFBC}") = "meshReader", "meshReader\meshReader.csproj", "{55A65512-1497-4EF3-80D1-8EBD9BC0CDDF}"
EndProject
Project("{FAE04EC0-301F-11D3-BF4B-00C04F79EFBC}") = "meshDisplay", "meshDisplay\meshDisplay\meshDisplay.csproj", "{1AB561DA-C0E3-46AA-AC70-13EA9A33F1EF}"
EndProject
Project("{FAE04EC0-301F-11D3-BF4B-00C04F79EFBC}") = "meshDisplayContent", "meshDisplay\meshDisplayContent\meshDisplayContent.contentproj", "{CB522F8A-2660-4FE1-A065-5E0CA9EBB278}"
EndProject
Project("{FAE04EC0-301F-11D3-BF4B-00C04F79EFBC}") = "meshReaderTest", "meshReaderTest\meshReaderTest.csproj", "{B419558D-1CB7-44B4-8F8F-CB491C04804F}"
EndProject
Project("{8BC9CEB8-8B4A-11D0-8D11-00A0C91BC942}") = "RecastLayer", "RecastLayer\RecastLayer.vcxproj", "{88ABD3DA-803D-4D83-9894-F669B8CFAEAD}"
EndProject
Project("{FAE04EC0-301F-11D3-BF4B-00C04F79EFBC}") = "meshBuilder", "meshBuilder\meshBuilder.csproj", "{11536EC8-063C-48BD-A49E-B7DA7D0C4399}"
EndProject
Project("{FAE04EC0-301F-11D3-BF4B-00C04F79EFBC}") = "meshBuilderGui", "meshBuilderGui\meshBuilderGui.csproj", "{2D77EB80-95DD-4B28-BA8A-345F79F6E3C9}"
EndProject
Project("{FAE04EC0-301F-11D3-BF4B-00C04F79EFBC}") = "meshPather", "meshPather\meshPather.csproj", "{AC6A0F0E-0AC1-4687-A484-323FBB3C7E97}"
EndProject
Project("{2150E333-8FDC-42A3-9474-1A3956D46DE8}") = "Utility", "Utility", "{D38B65F1-716B-49E4-9F51-90D71FBB62DF}"
EndProject
Project("{FAE04EC0-301F-11D3-BF4B-00C04F79EFBC}") = "meshMarker", "meshMarker\meshMarker.csproj", "{0465B51A-F333-4C40-A1DC-228F3289D06C}"
EndProject
Project("{FAE04EC0-301F-11D3-BF4B-00C04F79EFBC}") = "meshFlood", "meshFlood\meshFlood.csproj", "{430AEBEF-4B6C-40AF-93C3-C0409A59DBA9}"
EndProject
Project("{FAE04EC0-301F-11D3-BF4B-00C04F79EFBC}") = "meshDatabase", "meshDatabase\meshDatabase.csproj", "{A7997652-1C78-4C0F-9D4E-31F64501D555}"
EndProject
Project("{FAE04EC0-301F-11D3-BF4B-00C04F79EFBC}") = "meshPathVisualizer", "meshPathVisualizer\meshPathVisualizer.csproj", "{BC3C07B1-3070-4A23-BA61-BE99EE9106F8}"
EndProject
Global
	GlobalSection(SolutionConfigurationPlatforms) = preSolution
		Debug|Any CPU = Debug|Any CPU
		Debug|Mixed Platforms = Debug|Mixed Platforms
		Debug|Win32 = Debug|Win32
		Debug|x86 = Debug|x86
		Release|Any CPU = Release|Any CPU
		Release|Mixed Platforms = Release|Mixed Platforms
		Release|Win32 = Release|Win32
		Release|x86 = Release|x86
	EndGlobalSection
	GlobalSection(ProjectConfigurationPlatforms) = postSolution
		{55A65512-1497-4EF3-80D1-8EBD9BC0CDDF}.Debug|Any CPU.ActiveCfg = Debug|x86
		{55A65512-1497-4EF3-80D1-8EBD9BC0CDDF}.Debug|Mixed Platforms.ActiveCfg = Debug|x86
		{55A65512-1497-4EF3-80D1-8EBD9BC0CDDF}.Debug|Mixed Platforms.Build.0 = Debug|x86
		{55A65512-1497-4EF3-80D1-8EBD9BC0CDDF}.Debug|Win32.ActiveCfg = Debug|x86
		{55A65512-1497-4EF3-80D1-8EBD9BC0CDDF}.Debug|x86.ActiveCfg = Debug|x86
		{55A65512-1497-4EF3-80D1-8EBD9BC0CDDF}.Debug|x86.Build.0 = Debug|x86
		{55A65512-1497-4EF3-80D1-8EBD9BC0CDDF}.Release|Any CPU.ActiveCfg = Release|x86
		{55A65512-1497-4EF3-80D1-8EBD9BC0CDDF}.Release|Mixed Platforms.ActiveCfg = Release|x86
		{55A65512-1497-4EF3-80D1-8EBD9BC0CDDF}.Release|Mixed Platforms.Build.0 = Release|x86
		{55A65512-1497-4EF3-80D1-8EBD9BC0CDDF}.Release|Win32.ActiveCfg = Release|x86
		{55A65512-1497-4EF3-80D1-8EBD9BC0CDDF}.Release|x86.ActiveCfg = Release|x86
		{55A65512-1497-4EF3-80D1-8EBD9BC0CDDF}.Release|x86.Build.0 = Release|x86
		{1AB561DA-C0E3-46AA-AC70-13EA9A33F1EF}.Debug|Any CPU.ActiveCfg = Debug|x86
		{1AB561DA-C0E3-46AA-AC70-13EA9A33F1EF}.Debug|Mixed Platforms.ActiveCfg = Debug|x86
		{1AB561DA-C0E3-46AA-AC70-13EA9A33F1EF}.Debug|Mixed Platforms.Build.0 = Debug|x86
		{1AB561DA-C0E3-46AA-AC70-13EA9A33F1EF}.Debug|Win32.ActiveCfg = Debug|x86
		{1AB561DA-C0E3-46AA-AC70-13EA9A33F1EF}.Debug|x86.ActiveCfg = Debug|x86
		{1AB561DA-C0E3-46AA-AC70-13EA9A33F1EF}.Debug|x86.Build.0 = Debug|x86
		{1AB561DA-C0E3-46AA-AC70-13EA9A33F1EF}.Release|Any CPU.ActiveCfg = Release|x86
		{1AB561DA-C0E3-46AA-AC70-13EA9A33F1EF}.Release|Mixed Platforms.ActiveCfg = Release|x86
		{1AB561DA-C0E3-46AA-AC70-13EA9A33F1EF}.Release|Mixed Platforms.Build.0 = Release|x86
		{1AB561DA-C0E3-46AA-AC70-13EA9A33F1EF}.Release|Win32.ActiveCfg = Release|x86
		{1AB561DA-C0E3-46AA-AC70-13EA9A33F1EF}.Release|x86.ActiveCfg = Release|x86
		{1AB561DA-C0E3-46AA-AC70-13EA9A33F1EF}.Release|x86.Build.0 = Release|x86
		{CB522F8A-2660-4FE1-A065-5E0CA9EBB278}.Debug|Any CPU.ActiveCfg = Debug|x86
		{CB522F8A-2660-4FE1-A065-5E0CA9EBB278}.Debug|Mixed Platforms.ActiveCfg = Debug|x86
		{CB522F8A-2660-4FE1-A065-5E0CA9EBB278}.Debug|Win32.ActiveCfg = Debug|x86
		{CB522F8A-2660-4FE1-A065-5E0CA9EBB278}.Debug|x86.ActiveCfg = Debug|x86
		{CB522F8A-2660-4FE1-A065-5E0CA9EBB278}.Release|Any CPU.ActiveCfg = Release|x86
		{CB522F8A-2660-4FE1-A065-5E0CA9EBB278}.Release|Mixed Platforms.ActiveCfg = Release|x86
		{CB522F8A-2660-4FE1-A065-5E0CA9EBB278}.Release|Win32.ActiveCfg = Release|x86
		{CB522F8A-2660-4FE1-A065-5E0CA9EBB278}.Release|x86.ActiveCfg = Release|x86
		{B419558D-1CB7-44B4-8F8F-CB491C04804F}.Debug|Any CPU.ActiveCfg = Debug|Any CPU
		{B419558D-1CB7-44B4-8F8F-CB491C04804F}.Debug|Any CPU.Build.0 = Debug|Any CPU
		{B419558D-1CB7-44B4-8F8F-CB491C04804F}.Debug|Mixed Platforms.ActiveCfg = Debug|Any CPU
		{B419558D-1CB7-44B4-8F8F-CB491C04804F}.Debug|Mixed Platforms.Build.0 = Debug|Any CPU
		{B419558D-1CB7-44B4-8F8F-CB491C04804F}.Debug|Win32.ActiveCfg = Debug|Any CPU
		{B419558D-1CB7-44B4-8F8F-CB491C04804F}.Debug|x86.ActiveCfg = Debug|Any CPU
		{B419558D-1CB7-44B4-8F8F-CB491C04804F}.Release|Any CPU.ActiveCfg = Release|Any CPU
		{B419558D-1CB7-44B4-8F8F-CB491C04804F}.Release|Any CPU.Build.0 = Release|Any CPU
		{B419558D-1CB7-44B4-8F8F-CB491C04804F}.Release|Mixed Platforms.ActiveCfg = Release|Any CPU
		{B419558D-1CB7-44B4-8F8F-CB491C04804F}.Release|Mixed Platforms.Build.0 = Release|Any CPU
		{B419558D-1CB7-44B4-8F8F-CB491C04804F}.Release|Win32.ActiveCfg = Release|Any CPU
		{B419558D-1CB7-44B4-8F8F-CB491C04804F}.Release|x86.ActiveCfg = Release|Any CPU
		{88ABD3DA-803D-4D83-9894-F669B8CFAEAD}.Debug|Any CPU.ActiveCfg = Debug|Win32
		{88ABD3DA-803D-4D83-9894-F669B8CFAEAD}.Debug|Mixed Platforms.ActiveCfg = Debug|Win32
		{88ABD3DA-803D-4D83-9894-F669B8CFAEAD}.Debug|Mixed Platforms.Build.0 = Debug|Win32
		{88ABD3DA-803D-4D83-9894-F669B8CFAEAD}.Debug|Win32.ActiveCfg = Debug|Win32
		{88ABD3DA-803D-4D83-9894-F669B8CFAEAD}.Debug|Win32.Build.0 = Debug|Win32
		{88ABD3DA-803D-4D83-9894-F669B8CFAEAD}.Debug|x86.ActiveCfg = Debug|Win32
		{88ABD3DA-803D-4D83-9894-F669B8CFAEAD}.Release|Any CPU.ActiveCfg = Release|Win32
		{88ABD3DA-803D-4D83-9894-F669B8CFAEAD}.Release|Mixed Platforms.ActiveCfg = Release|Win32
		{88ABD3DA-803D-4D83-9894-F669B8CFAEAD}.Release|Mixed Platforms.Build.0 = Release|Win32
		{88ABD3DA-803D-4D83-9894-F669B8CFAEAD}.Release|Win32.ActiveCfg = Release|Win32
		{88ABD3DA-803D-4D83-9894-F669B8CFAEAD}.Release|Win32.Build.0 = Release|Win32
		{88ABD3DA-803D-4D83-9894-F669B8CFAEAD}.Release|x86.ActiveCfg = Release|Win32
		{11536EC8-063C-48BD-A49E-B7DA7D0C4399}.Debug|Any CPU.ActiveCfg = Debug|x86
		{11536EC8-063C-48BD-A49E-B7DA7D0C4399}.Debug|Mixed Platforms.ActiveCfg = Debug|x86
		{11536EC8-063C-48BD-A49E-B7DA7D0C4399}.Debug|Mixed Platforms.Build.0 = Debug|x86
		{11536EC8-063C-48BD-A49E-B7DA7D0C4399}.Debug|Win32.ActiveCfg = Debug|x86
		{11536EC8-063C-48BD-A49E-B7DA7D0C4399}.Debug|x86.ActiveCfg = Debug|x86
		{11536EC8-063C-48BD-A49E-B7DA7D0C4399}.Debug|x86.Build.0 = Debug|x86
		{11536EC8-063C-48BD-A49E-B7DA7D0C4399}.Release|Any CPU.ActiveCfg = Release|x86
		{11536EC8-063C-48BD-A49E-B7DA7D0C4399}.Release|Mixed Platforms.ActiveCfg = Release|x86
		{11536EC8-063C-48BD-A49E-B7DA7D0C4399}.Release|Mixed Platforms.Build.0 = Release|x86
		{11536EC8-063C-48BD-A49E-B7DA7D0C4399}.Release|Win32.ActiveCfg = Release|x86
		{11536EC8-063C-48BD-A49E-B7DA7D0C4399}.Release|x86.ActiveCfg = Release|x86
		{11536EC8-063C-48BD-A49E-B7DA7D0C4399}.Release|x86.Build.0 = Release|x86
		{2D77EB80-95DD-4B28-BA8A-345F79F6E3C9}.Debug|Any CPU.ActiveCfg = Debug|x86
		{2D77EB80-95DD-4B28-BA8A-345F79F6E3C9}.Debug|Mixed Platforms.ActiveCfg = Debug|x86
		{2D77EB80-95DD-4B28-BA8A-345F79F6E3C9}.Debug|Mixed Platforms.Build.0 = Debug|x86
		{2D77EB80-95DD-4B28-BA8A-345F79F6E3C9}.Debug|Win32.ActiveCfg = Debug|x86
		{2D77EB80-95DD-4B28-BA8A-345F79F6E3C9}.Debug|x86.ActiveCfg = Debug|x86
		{2D77EB80-95DD-4B28-BA8A-345F79F6E3C9}.Debug|x86.Build.0 = Debug|x86
		{2D77EB80-95DD-4B28-BA8A-345F79F6E3C9}.Release|Any CPU.ActiveCfg = Release|x86
		{2D77EB80-95DD-4B28-BA8A-345F79F6E3C9}.Release|Mixed Platforms.ActiveCfg = Release|x86
		{2D77EB80-95DD-4B28-BA8A-345F79F6E3C9}.Release|Mixed Platforms.Build.0 = Release|x86
		{2D77EB80-95DD-4B28-BA8A-345F79F6E3C9}.Release|Win32.ActiveCfg = Release|x86
		{2D77EB80-95DD-4B28-BA8A-345F79F6E3C9}.Release|x86.ActiveCfg = Release|x86
		{2D77EB80-95DD-4B28-BA8A-345F79F6E3C9}.Release|x86.Build.0 = Release|x86
		{AC6A0F0E-0AC1-4687-A484-323FBB3C7E97}.Debug|Any CPU.ActiveCfg = Debug|x86
		{AC6A0F0E-0AC1-4687-A484-323FBB3C7E97}.Debug|Mixed Platforms.ActiveCfg = Debug|x86
		{AC6A0F0E-0AC1-4687-A484-323FBB3C7E97}.Debug|Mixed Platforms.Build.0 = Debug|x86
		{AC6A0F0E-0AC1-4687-A484-323FBB3C7E97}.Debug|Win32.ActiveCfg = Debug|x86
		{AC6A0F0E-0AC1-4687-A484-323FBB3C7E97}.Debug|x86.ActiveCfg = Debug|x86
		{AC6A0F0E-0AC1-4687-A484-323FBB3C7E97}.Debug|x86.Build.0 = Debug|x86
		{AC6A0F0E-0AC1-4687-A484-323FBB3C7E97}.Release|Any CPU.ActiveCfg = Release|x86
		{AC6A0F0E-0AC1-4687-A484-323FBB3C7E97}.Release|Mixed Platforms.ActiveCfg = Release|x86
		{AC6A0F0E-0AC1-4687-A484-323FBB3C7E97}.Release|Mixed Platforms.Build.0 = Release|x86
		{AC6A0F0E-0AC1-4687-A484-323FBB3C7E97}.Release|Win32.ActiveCfg = Release|x86
		{AC6A0F0E-0AC1-4687-A484-323FBB3C7E97}.Release|x86.ActiveCfg = Release|x86
		{AC6A0F0E-0AC1-4687-A484-323FBB3C7E97}.Release|x86.Build.0 = Release|x86
		{0465B51A-F333-4C40-A1DC-228F3289D06C}.Debug|Any CPU.ActiveCfg = Debug|x86
		{0465B51A-F333-4C40-A1DC-228F3289D06C}.Debug|Mixed Platforms.ActiveCfg = Debug|x86
		{0465B51A-F333-4C40-A1DC-228F3289D06C}.Debug|Mixed Platforms.Build.0 = Debug|x86
		{0465B51A-F333-4C40-A1DC-228F3289D06C}.Debug|Win32.ActiveCfg = Debug|x86
		{0465B51A-F333-4C40-A1DC-228F3289D06C}.Debug|x86.ActiveCfg = Debug|x86
		{0465B51A-F333-4C40-A1DC-228F3289D06C}.Debug|x86.Build.0 = Debug|x86
		{0465B51A-F333-4C40-A1DC-228F3289D06C}.Release|Any CPU.ActiveCfg = Release|x86
		{0465B51A-F333-4C40-A1DC-228F3289D06C}.Release|Mixed Platforms.ActiveCfg = Release|x86
		{0465B51A-F333-4C40-A1DC-228F3289D06C}.Release|Mixed Platforms.Build.0 = Release|x86
		{0465B51A-F333-4C40-A1DC-228F3289D06C}.Release|Win32.ActiveCfg = Release|x86
		{0465B51A-F333-4C40-A1DC-228F3289D06C}.Release|x86.ActiveCfg = Release|x86
		{0465B51A-F333-4C40-A1DC-228F3289D06C}.Release|x86.Build.0 = Release|x86
		{430AEBEF-4B6C-40AF-93C3-C0409A59DBA9}.Debug|Any CPU.ActiveCfg = Debug|x86
		{430AEBEF-4B6C-40AF-93C3-C0409A59DBA9}.Debug|Mixed Platforms.ActiveCfg = Debug|x86
		{430AEBEF-4B6C-40AF-93C3-C0409A59DBA9}.Debug|Mixed Platforms.Build.0 = Debug|x86
		{430AEBEF-4B6C-40AF-93C3-C0409A59DBA9}.Debug|Win32.ActiveCfg = Debug|x86
		{430AEBEF-4B6C-40AF-93C3-C0409A59DBA9}.Debug|x86.ActiveCfg = Debug|x86
		{430AEBEF-4B6C-40AF-93C3-C0409A59DBA9}.Debug|x86.Build.0 = Debug|x86
		{430AEBEF-4B6C-40AF-93C3-C0409A59DBA9}.Release|Any CPU.ActiveCfg = Release|x86
		{430AEBEF-4B6C-40AF-93C3-C0409A59DBA9}.Release|Mixed Platforms.ActiveCfg = Release|x86
		{430AEBEF-4B6C-40AF-93C3-C0409A59DBA9}.Release|Mixed Platforms.Build.0 = Release|x86
		{430AEBEF-4B6C-40AF-93C3-C0409A59DBA9}.Release|Win32.ActiveCfg = Release|x86
		{430AEBEF-4B6C-40AF-93C3-C0409A59DBA9}.Release|x86.ActiveCfg = Release|x86
		{430AEBEF-4B6C-40AF-93C3-C0409A59DBA9}.Release|x86.Build.0 = Release|x86
		{A7997652-1C78-4C0F-9D4E-31F64501D555}.Debug|Any CPU.ActiveCfg = Debug|Any CPU
		{A7997652-1C78-4C0F-9D4E-31F64501D555}.Debug|Any CPU.Build.0 = Debug|Any CPU
		{A7997652-1C78-4C0F-9D4E-31F64501D555}.Debug|Mixed Platforms.ActiveCfg = Debug|Any CPU
		{A7997652-1C78-4C0F-9D4E-31F64501D555}.Debug|Mixed Platforms.Build.0 = Debug|Any CPU
		{A7997652-1C78-4C0F-9D4E-31F64501D555}.Debug|Win32.ActiveCfg = Debug|Any CPU
		{A7997652-1C78-4C0F-9D4E-31F64501D555}.Debug|x86.ActiveCfg = Debug|Any CPU
		{A7997652-1C78-4C0F-9D4E-31F64501D555}.Release|Any CPU.ActiveCfg = Release|Any CPU
		{A7997652-1C78-4C0F-9D4E-31F64501D555}.Release|Any CPU.Build.0 = Release|Any CPU
		{A7997652-1C78-4C0F-9D4E-31F64501D555}.Release|Mixed Platforms.ActiveCfg = Release|Any CPU
		{A7997652-1C78-4C0F-9D4E-31F64501D555}.Release|Mixed Platforms.Build.0 = Release|Any CPU
		{A7997652-1C78-4C0F-9D4E-31F64501D555}.Release|Win32.ActiveCfg = Release|Any CPU
		{A7997652-1C78-4C0F-9D4E-31F64501D555}.Release|x86.ActiveCfg = Release|Any CPU
		{BC3C07B1-3070-4A23-BA61-BE99EE9106F8}.Debug|Any CPU.ActiveCfg = Debug|Any CPU
		{BC3C07B1-3070-4A23-BA61-BE99EE9106F8}.Debug|Any CPU.Build.0 = Debug|Any CPU
		{BC3C07B1-3070-4A23-BA61-BE99EE9106F8}.Debug|Mixed Platforms.ActiveCfg = Debug|Any CPU
		{BC3C07B1-3070-4A23-BA61-BE99EE9106F8}.Debug|Mixed Platforms.Build.0 = Debug|Any CPU
		{BC3C07B1-3070-4A23-BA61-BE99EE9106F8}.Debug|Win32.ActiveCfg = Debug|Any CPU
		{BC3C07B1-3070-4A23-BA61-BE99EE9106F8}.Debug|x86.ActiveCfg = Debug|Any CPU
		{BC3C07B1-3070-4A23-BA61-BE99EE9106F8}.Release|Any CPU.ActiveCfg = Release|Any CPU
		{BC3C07B1-3070-4A23-BA61-BE99EE9106F8}.Release|Any CPU.Build.0 = Release|Any CPU
		{BC3C07B1-3070-4A23-BA61-BE99EE9106F8}.Release|Mixed Platforms.ActiveCfg = Release|Any CPU
		{BC3C07B1-3070-4A23-BA61-BE99EE9106F8}.Release|Mixed Platforms.Build.0 = Release|Any CPU
		{BC3C07B1-3070-4A23-BA61-BE99EE9106F8}.Release|Win32.ActiveCfg = Release|Any CPU
		{BC3C07B1-3070-4A23-BA61-BE99EE9106F8}.Release|x86.ActiveCfg = Release|Any CPU
	EndGlobalSection
	GlobalSection(SolutionProperties) = preSolution
		HideSolutionNode = FALSE
	EndGlobalSection
	GlobalSection(NestedProjects) = preSolution
		{0465B51A-F333-4C40-A1DC-228F3289D06C} = {D38B65F1-716B-49E4-9F51-90D71FBB62DF}
		{430AEBEF-4B6C-40AF-93C3-C0409A59DBA9} = {D38B65F1-716B-49E4-9F51-90D71FBB62DF}
		{BC3C07B1-3070-4A23-BA61-BE99EE9106F8} = {D38B65F1-716B-49E4-9F51-90D71FBB62DF}
	EndGlobalSection
EndGlobal
